
Microsoft Visual Studio Solution File, Format Version 12.00
# Visual Studio Version 16
VisualStudioVersion = 16.0.30621.155
MinimumVisualStudioVersion = 10.0.40219.1
Project("{FAE04EC0-301F-11D3-BF4B-00C04F79EFBC}") = "MenuAlpha", "MenuAlpha\MenuAlpha.csproj", "{81099613-A23A-434F-8F09-C30E63580B59}"
EndProject
Global
	GlobalSection(SolutionConfigurationPlatforms) = preSolution
		Debug|Any CPU = Debug|Any CPU
		Release|Any CPU = Release|Any CPU
	EndGlobalSection
	GlobalSection(ProjectConfigurationPlatforms) = postSolution
		{81099613-A23A-434F-8F09-C30E63580B59}.Debug|Any CPU.ActiveCfg = Debug|Any CPU
		{81099613-A23A-434F-8F09-C30E63580B59}.Debug|Any CPU.Build.0 = Debug|Any CPU
		{81099613-A23A-434F-8F09-C30E63580B59}.Release|Any CPU.ActiveCfg = Release|Any CPU
		{81099613-A23A-434F-8F09-C30E63580B59}.Release|Any CPU.Build.0 = Release|Any CPU
	EndGlobalSection
	GlobalSection(SolutionProperties) = preSolution
		HideSolutionNode = FALSE
	EndGlobalSection
	GlobalSection(ExtensibilityGlobals) = postSolution
		SolutionGuid = {57E7D60A-4B06-453D-958C-D8506DD8EF18}
	EndGlobalSection
EndGlobal
